
Microsoft Visual Studio Solution File, Format Version 12.00
# Visual Studio 2013
VisualStudioVersion = 12.0.30501.0
MinimumVisualStudioVersion = 10.0.40219.1
Project("{FAE04EC0-301F-11D3-BF4B-00C04F79EFBC}") = "AgileTeam.Core", "AgileTeam.Core\AgileTeam.Core.csproj", "{7776A701-13D0-4CE8-8ADF-3BD56B188E13}"
EndProject
Project("{FAE04EC0-301F-11D3-BF4B-00C04F79EFBC}") = "AgileTeam.UI.WF", "AgileTeam.UI.WF\AgileTeam.UI.WF.csproj", "{A7AF92E8-4273-4BEC-A533-402AEDB48F2F}"
EndProject
Project("{2150E333-8FDC-42A3-9474-1A3956D46DE8}") = "UniTests", "UniTests", "{D0BB9F97-50CA-4861-8FAF-21377C262C48}"
EndProject
Project("{FAE04EC0-301F-11D3-BF4B-00C04F79EFBC}") = "AgileTeam.UI.WF.UnitTests", "AgileTeam.UI.WF.UnitTests\AgileTeam.UI.WF.UnitTests.csproj", "{89A7FDE5-1517-4001-9D74-9B6C127FBC75}"
EndProject
Project("{FAE04EC0-301F-11D3-BF4B-00C04F79EFBC}") = "AgileTeam.Wpf.Infrastructure", "AgileTeam.Wpf.Infrastructure\AgileTeam.Wpf.Infrastructure.csproj", "{077597BB-E9E3-4811-A7CD-EC03090CDCFD}"
EndProject
Project("{FAE04EC0-301F-11D3-BF4B-00C04F79EFBC}") = "AgileTeam.Wpf.ViewModels", "AgileTeam.Wpf.ViewModels\AgileTeam.Wpf.ViewModels.csproj", "{F3A1648A-CEAE-45F0-ADE3-47F860CFABB6}"
EndProject
Project("{FAE04EC0-301F-11D3-BF4B-00C04F79EFBC}") = "System.Mvvm", "System.Mvvm\System.Mvvm.csproj", "{49B662DD-2853-40A6-AF29-9FE9B214F3E9}"
EndProject
Project("{FAE04EC0-301F-11D3-BF4B-00C04F79EFBC}") = "AgileTeam.Dbl", "AgileTeam.Dbl\AgileTeam.Dbl.csproj", "{21906DB2-8172-4214-9B91-AD9ACD91A2B1}"
EndProject
Project("{FAE04EC0-301F-11D3-BF4B-00C04F79EFBC}") = "AjileTeam.Core.Tests", "AgileTeam.Core.Tests\AjileTeam.Core.Tests.csproj", "{76AE8AD2-F3D3-4E33-B305-DEE9B7818308}"
EndProject
Project("{FAE04EC0-301F-11D3-BF4B-00C04F79EFBC}") = "AgileTeam.Wpf.Infrastructure.Tests", "AgileTeam.Wpf.Infrastructure.Tests\AgileTeam.Wpf.Infrastructure.Tests.csproj", "{108F484A-699B-47BB-AC06-6BA60C79A63B}"
EndProject
Project("{FAE04EC0-301F-11D3-BF4B-00C04F79EFBC}") = "System.Mvvm.Tests", "System.Mvvm.Tests\System.Mvvm.Tests.csproj", "{4D3E7605-2F26-4F03-A993-853D1F63915C}"
EndProject
Global
	GlobalSection(TeamFoundationVersionControl) = preSolution
		SccNumberOfProjects = 11
		SccEnterpriseProvider = {4CA58AB2-18FA-4F8D-95D4-32DDF27D184C}
		SccTeamFoundationServer = https://shrikant.visualstudio.com/defaultcollection
		SccLocalPath0 = .
		SccProjectUniqueName1 = AgileTeam.Core\\AgileTeam.Core.csproj
		SccProjectName1 = AgileTeam.Core
		SccLocalPath1 = AgileTeam.Core
		SccProjectUniqueName2 = AgileTeam.UI.WF\\AgileTeam.UI.WF.csproj
		SccProjectName2 = AgileTeam.UI.WF
		SccLocalPath2 = AgileTeam.UI.WF
		SccProjectUniqueName3 = AgileTeam.UI.WF.UnitTests\\AgileTeam.UI.WF.UnitTests.csproj
		SccProjectTopLevelParentUniqueName3 = AgileTeam.WF.sln
		SccProjectName3 = AgileTeam.UI.WF.UnitTests
		SccLocalPath3 = AgileTeam.UI.WF.UnitTests
		SccProjectUniqueName4 = AgileTeam.Wpf.Infrastructure\\AgileTeam.Wpf.Infrastructure.csproj
		SccProjectName4 = AgileTeam.Wpf.Infrastructure
		SccLocalPath4 = AgileTeam.Wpf.Infrastructure
		SccProjectUniqueName5 = AgileTeam.Wpf.ViewModels\\AgileTeam.Wpf.ViewModels.csproj
		SccProjectName5 = AgileTeam.Wpf.ViewModels
		SccLocalPath5 = AgileTeam.Wpf.ViewModels
		SccProjectUniqueName6 = System.Mvvm\\System.Mvvm.csproj
		SccProjectName6 = System.Mvvm
		SccLocalPath6 = System.Mvvm
		SccProjectUniqueName7 = AgileTeam.Dbl\\AgileTeam.Dbl.csproj
		SccProjectName7 = AgileTeam.Dbl
		SccLocalPath7 = AgileTeam.Dbl
		SccProjectUniqueName8 = AgileTeam.Core.Tests\\AjileTeam.Core.Tests.csproj
		SccProjectTopLevelParentUniqueName8 = AgileTeam.WF.sln
		SccProjectName8 = AgileTeam.Core.Tests
		SccLocalPath8 = AgileTeam.Core.Tests
		SccProjectUniqueName9 = AgileTeam.Wpf.Infrastructure.Tests\\AgileTeam.Wpf.Infrastructure.Tests.csproj
		SccProjectTopLevelParentUniqueName9 = AgileTeam.WF.sln
		SccProjectName9 = AgileTeam.Wpf.Infrastructure.Tests
		SccLocalPath9 = AgileTeam.Wpf.Infrastructure.Tests
		SccProjectUniqueName10 = System.Mvvm.Tests\\System.Mvvm.Tests.csproj
		SccProjectTopLevelParentUniqueName10 = AgileTeam.WF.sln
		SccProjectName10 = System.Mvvm.Tests
		SccLocalPath10 = System.Mvvm.Tests
	EndGlobalSection
	GlobalSection(SolutionConfigurationPlatforms) = preSolution
		Debug|Any CPU = Debug|Any CPU
		Debug|ARM = Debug|ARM
		Debug|Mixed Platforms = Debug|Mixed Platforms
		Debug|x64 = Debug|x64
		Debug|x86 = Debug|x86
		Release|Any CPU = Release|Any CPU
		Release|ARM = Release|ARM
		Release|Mixed Platforms = Release|Mixed Platforms
		Release|x64 = Release|x64
		Release|x86 = Release|x86
	EndGlobalSection
	GlobalSection(ProjectConfigurationPlatforms) = postSolution
		{7776A701-13D0-4CE8-8ADF-3BD56B188E13}.Debug|Any CPU.ActiveCfg = Debug|Any CPU
		{7776A701-13D0-4CE8-8ADF-3BD56B188E13}.Debug|Any CPU.Build.0 = Debug|Any CPU
		{7776A701-13D0-4CE8-8ADF-3BD56B188E13}.Debug|ARM.ActiveCfg = Debug|Any CPU
		{7776A701-13D0-4CE8-8ADF-3BD56B188E13}.Debug|Mixed Platforms.ActiveCfg = Debug|Any CPU
		{7776A701-13D0-4CE8-8ADF-3BD56B188E13}.Debug|Mixed Platforms.Build.0 = Debug|Any CPU
		{7776A701-13D0-4CE8-8ADF-3BD56B188E13}.Debug|x64.ActiveCfg = Debug|Any CPU
		{7776A701-13D0-4CE8-8ADF-3BD56B188E13}.Debug|x86.ActiveCfg = Debug|Any CPU
		{7776A701-13D0-4CE8-8ADF-3BD56B188E13}.Debug|x86.Build.0 = Debug|Any CPU
		{7776A701-13D0-4CE8-8ADF-3BD56B188E13}.Release|Any CPU.ActiveCfg = Release|Any CPU
		{7776A701-13D0-4CE8-8ADF-3BD56B188E13}.Release|Any CPU.Build.0 = Release|Any CPU
		{7776A701-13D0-4CE8-8ADF-3BD56B188E13}.Release|ARM.ActiveCfg = Release|Any CPU
		{7776A701-13D0-4CE8-8ADF-3BD56B188E13}.Release|Mixed Platforms.ActiveCfg = Release|Any CPU
		{7776A701-13D0-4CE8-8ADF-3BD56B188E13}.Release|Mixed Platforms.Build.0 = Release|Any CPU
		{7776A701-13D0-4CE8-8ADF-3BD56B188E13}.Release|x64.ActiveCfg = Release|Any CPU
		{7776A701-13D0-4CE8-8ADF-3BD56B188E13}.Release|x86.ActiveCfg = Release|Any CPU
		{A7AF92E8-4273-4BEC-A533-402AEDB48F2F}.Debug|Any CPU.ActiveCfg = Debug|Any CPU
		{A7AF92E8-4273-4BEC-A533-402AEDB48F2F}.Debug|Any CPU.Build.0 = Debug|Any CPU
		{A7AF92E8-4273-4BEC-A533-402AEDB48F2F}.Debug|ARM.ActiveCfg = Debug|Any CPU
		{A7AF92E8-4273-4BEC-A533-402AEDB48F2F}.Debug|Mixed Platforms.ActiveCfg = Debug|Any CPU
		{A7AF92E8-4273-4BEC-A533-402AEDB48F2F}.Debug|Mixed Platforms.Build.0 = Debug|Any CPU
		{A7AF92E8-4273-4BEC-A533-402AEDB48F2F}.Debug|x64.ActiveCfg = Debug|Any CPU
		{A7AF92E8-4273-4BEC-A533-402AEDB48F2F}.Debug|x86.ActiveCfg = Debug|Any CPU
		{A7AF92E8-4273-4BEC-A533-402AEDB48F2F}.Debug|x86.Build.0 = Debug|Any CPU
		{A7AF92E8-4273-4BEC-A533-402AEDB48F2F}.Release|Any CPU.ActiveCfg = Release|Any CPU
		{A7AF92E8-4273-4BEC-A533-402AEDB48F2F}.Release|Any CPU.Build.0 = Release|Any CPU
		{A7AF92E8-4273-4BEC-A533-402AEDB48F2F}.Release|ARM.ActiveCfg = Release|Any CPU
		{A7AF92E8-4273-4BEC-A533-402AEDB48F2F}.Release|Mixed Platforms.ActiveCfg = Release|Any CPU
		{A7AF92E8-4273-4BEC-A533-402AEDB48F2F}.Release|Mixed Platforms.Build.0 = Release|Any CPU
		{A7AF92E8-4273-4BEC-A533-402AEDB48F2F}.Release|x64.ActiveCfg = Release|Any CPU
		{A7AF92E8-4273-4BEC-A533-402AEDB48F2F}.Release|x86.ActiveCfg = Release|Any CPU
		{89A7FDE5-1517-4001-9D74-9B6C127FBC75}.Debug|Any CPU.ActiveCfg = Debug|Any CPU
		{89A7FDE5-1517-4001-9D74-9B6C127FBC75}.Debug|Any CPU.Build.0 = Debug|Any CPU
		{89A7FDE5-1517-4001-9D74-9B6C127FBC75}.Debug|ARM.ActiveCfg = Debug|Any CPU
		{89A7FDE5-1517-4001-9D74-9B6C127FBC75}.Debug|Mixed Platforms.ActiveCfg = Debug|Any CPU
		{89A7FDE5-1517-4001-9D74-9B6C127FBC75}.Debug|Mixed Platforms.Build.0 = Debug|Any CPU
		{89A7FDE5-1517-4001-9D74-9B6C127FBC75}.Debug|x64.ActiveCfg = Debug|Any CPU
		{89A7FDE5-1517-4001-9D74-9B6C127FBC75}.Debug|x86.ActiveCfg = Debug|Any CPU
		{89A7FDE5-1517-4001-9D74-9B6C127FBC75}.Release|Any CPU.ActiveCfg = Release|Any CPU
		{89A7FDE5-1517-4001-9D74-9B6C127FBC75}.Release|Any CPU.Build.0 = Release|Any CPU
		{89A7FDE5-1517-4001-9D74-9B6C127FBC75}.Release|ARM.ActiveCfg = Release|Any CPU
		{89A7FDE5-1517-4001-9D74-9B6C127FBC75}.Release|Mixed Platforms.ActiveCfg = Release|Any CPU
		{89A7FDE5-1517-4001-9D74-9B6C127FBC75}.Release|Mixed Platforms.Build.0 = Release|Any CPU
		{89A7FDE5-1517-4001-9D74-9B6C127FBC75}.Release|x64.ActiveCfg = Release|Any CPU
		{89A7FDE5-1517-4001-9D74-9B6C127FBC75}.Release|x86.ActiveCfg = Release|Any CPU
		{077597BB-E9E3-4811-A7CD-EC03090CDCFD}.Debug|Any CPU.ActiveCfg = Debug|Any CPU
		{077597BB-E9E3-4811-A7CD-EC03090CDCFD}.Debug|Any CPU.Build.0 = Debug|Any CPU
		{077597BB-E9E3-4811-A7CD-EC03090CDCFD}.Debug|ARM.ActiveCfg = Debug|Any CPU
		{077597BB-E9E3-4811-A7CD-EC03090CDCFD}.Debug|Mixed Platforms.ActiveCfg = Debug|Any CPU
		{077597BB-E9E3-4811-A7CD-EC03090CDCFD}.Debug|Mixed Platforms.Build.0 = Debug|Any CPU
		{077597BB-E9E3-4811-A7CD-EC03090CDCFD}.Debug|x64.ActiveCfg = Debug|Any CPU
		{077597BB-E9E3-4811-A7CD-EC03090CDCFD}.Debug|x86.ActiveCfg = Debug|Any CPU
		{077597BB-E9E3-4811-A7CD-EC03090CDCFD}.Release|Any CPU.ActiveCfg = Release|Any CPU
		{077597BB-E9E3-4811-A7CD-EC03090CDCFD}.Release|Any CPU.Build.0 = Release|Any CPU
		{077597BB-E9E3-4811-A7CD-EC03090CDCFD}.Release|ARM.ActiveCfg = Release|Any CPU
		{077597BB-E9E3-4811-A7CD-EC03090CDCFD}.Release|Mixed Platforms.ActiveCfg = Release|Any CPU
		{077597BB-E9E3-4811-A7CD-EC03090CDCFD}.Release|Mixed Platforms.Build.0 = Release|Any CPU
		{077597BB-E9E3-4811-A7CD-EC03090CDCFD}.Release|x64.ActiveCfg = Release|Any CPU
		{077597BB-E9E3-4811-A7CD-EC03090CDCFD}.Release|x86.ActiveCfg = Release|Any CPU
		{F3A1648A-CEAE-45F0-ADE3-47F860CFABB6}.Debug|Any CPU.ActiveCfg = Debug|Any CPU
		{F3A1648A-CEAE-45F0-ADE3-47F860CFABB6}.Debug|Any CPU.Build.0 = Debug|Any CPU
		{F3A1648A-CEAE-45F0-ADE3-47F860CFABB6}.Debug|ARM.ActiveCfg = Debug|Any CPU
		{F3A1648A-CEAE-45F0-ADE3-47F860CFABB6}.Debug|Mixed Platforms.ActiveCfg = Debug|Any CPU
		{F3A1648A-CEAE-45F0-ADE3-47F860CFABB6}.Debug|Mixed Platforms.Build.0 = Debug|Any CPU
		{F3A1648A-CEAE-45F0-ADE3-47F860CFABB6}.Debug|x64.ActiveCfg = Debug|Any CPU
		{F3A1648A-CEAE-45F0-ADE3-47F860CFABB6}.Debug|x86.ActiveCfg = Debug|Any CPU
		{F3A1648A-CEAE-45F0-ADE3-47F860CFABB6}.Release|Any CPU.ActiveCfg = Release|Any CPU
		{F3A1648A-CEAE-45F0-ADE3-47F860CFABB6}.Release|Any CPU.Build.0 = Release|Any CPU
		{F3A1648A-CEAE-45F0-ADE3-47F860CFABB6}.Release|ARM.ActiveCfg = Release|Any CPU
		{F3A1648A-CEAE-45F0-ADE3-47F860CFABB6}.Release|Mixed Platforms.ActiveCfg = Release|Any CPU
		{F3A1648A-CEAE-45F0-ADE3-47F860CFABB6}.Release|Mixed Platforms.Build.0 = Release|Any CPU
		{F3A1648A-CEAE-45F0-ADE3-47F860CFABB6}.Release|x64.ActiveCfg = Release|Any CPU
		{F3A1648A-CEAE-45F0-ADE3-47F860CFABB6}.Release|x86.ActiveCfg = Release|Any CPU
		{49B662DD-2853-40A6-AF29-9FE9B214F3E9}.Debug|Any CPU.ActiveCfg = Debug|Any CPU
		{49B662DD-2853-40A6-AF29-9FE9B214F3E9}.Debug|Any CPU.Build.0 = Debug|Any CPU
		{49B662DD-2853-40A6-AF29-9FE9B214F3E9}.Debug|ARM.ActiveCfg = Debug|Any CPU
		{49B662DD-2853-40A6-AF29-9FE9B214F3E9}.Debug|Mixed Platforms.ActiveCfg = Debug|Any CPU
		{49B662DD-2853-40A6-AF29-9FE9B214F3E9}.Debug|Mixed Platforms.Build.0 = Debug|Any CPU
		{49B662DD-2853-40A6-AF29-9FE9B214F3E9}.Debug|x64.ActiveCfg = Debug|Any CPU
		{49B662DD-2853-40A6-AF29-9FE9B214F3E9}.Debug|x86.ActiveCfg = Debug|Any CPU
		{49B662DD-2853-40A6-AF29-9FE9B214F3E9}.Release|Any CPU.ActiveCfg = Release|Any CPU
		{49B662DD-2853-40A6-AF29-9FE9B214F3E9}.Release|Any CPU.Build.0 = Release|Any CPU
		{49B662DD-2853-40A6-AF29-9FE9B214F3E9}.Release|ARM.ActiveCfg = Release|Any CPU
		{49B662DD-2853-40A6-AF29-9FE9B214F3E9}.Release|Mixed Platforms.ActiveCfg = Release|Any CPU
		{49B662DD-2853-40A6-AF29-9FE9B214F3E9}.Release|Mixed Platforms.Build.0 = Release|Any CPU
		{49B662DD-2853-40A6-AF29-9FE9B214F3E9}.Release|x64.ActiveCfg = Release|Any CPU
		{49B662DD-2853-40A6-AF29-9FE9B214F3E9}.Release|x86.ActiveCfg = Release|Any CPU
		{21906DB2-8172-4214-9B91-AD9ACD91A2B1}.Debug|Any CPU.ActiveCfg = Debug|Any CPU
		{21906DB2-8172-4214-9B91-AD9ACD91A2B1}.Debug|Any CPU.Build.0 = Debug|Any CPU
		{21906DB2-8172-4214-9B91-AD9ACD91A2B1}.Debug|ARM.ActiveCfg = Debug|Any CPU
		{21906DB2-8172-4214-9B91-AD9ACD91A2B1}.Debug|Mixed Platforms.ActiveCfg = Debug|Any CPU
		{21906DB2-8172-4214-9B91-AD9ACD91A2B1}.Debug|Mixed Platforms.Build.0 = Debug|Any CPU
		{21906DB2-8172-4214-9B91-AD9ACD91A2B1}.Debug|x64.ActiveCfg = Debug|Any CPU
		{21906DB2-8172-4214-9B91-AD9ACD91A2B1}.Debug|x86.ActiveCfg = Debug|Any CPU
		{21906DB2-8172-4214-9B91-AD9ACD91A2B1}.Release|Any CPU.ActiveCfg = Release|Any CPU
		{21906DB2-8172-4214-9B91-AD9ACD91A2B1}.Release|Any CPU.Build.0 = Release|Any CPU
		{21906DB2-8172-4214-9B91-AD9ACD91A2B1}.Release|ARM.ActiveCfg = Release|Any CPU
		{21906DB2-8172-4214-9B91-AD9ACD91A2B1}.Release|Mixed Platforms.ActiveCfg = Release|Any CPU
		{21906DB2-8172-4214-9B91-AD9ACD91A2B1}.Release|Mixed Platforms.Build.0 = Release|Any CPU
		{21906DB2-8172-4214-9B91-AD9ACD91A2B1}.Release|x64.ActiveCfg = Release|Any CPU
		{21906DB2-8172-4214-9B91-AD9ACD91A2B1}.Release|x86.ActiveCfg = Release|Any CPU
		{76AE8AD2-F3D3-4E33-B305-DEE9B7818308}.Debug|Any CPU.ActiveCfg = Debug|Any CPU
		{76AE8AD2-F3D3-4E33-B305-DEE9B7818308}.Debug|Any CPU.Build.0 = Debug|Any CPU
		{76AE8AD2-F3D3-4E33-B305-DEE9B7818308}.Debug|ARM.ActiveCfg = Debug|Any CPU
		{76AE8AD2-F3D3-4E33-B305-DEE9B7818308}.Debug|Mixed Platforms.ActiveCfg = Debug|Any CPU
		{76AE8AD2-F3D3-4E33-B305-DEE9B7818308}.Debug|Mixed Platforms.Build.0 = Debug|Any CPU
		{76AE8AD2-F3D3-4E33-B305-DEE9B7818308}.Debug|x64.ActiveCfg = Debug|Any CPU
		{76AE8AD2-F3D3-4E33-B305-DEE9B7818308}.Debug|x86.ActiveCfg = Debug|Any CPU
		{76AE8AD2-F3D3-4E33-B305-DEE9B7818308}.Release|Any CPU.ActiveCfg = Release|Any CPU
		{76AE8AD2-F3D3-4E33-B305-DEE9B7818308}.Release|Any CPU.Build.0 = Release|Any CPU
		{76AE8AD2-F3D3-4E33-B305-DEE9B7818308}.Release|ARM.ActiveCfg = Release|Any CPU
		{76AE8AD2-F3D3-4E33-B305-DEE9B7818308}.Release|Mixed Platforms.ActiveCfg = Release|Any CPU
		{76AE8AD2-F3D3-4E33-B305-DEE9B7818308}.Release|Mixed Platforms.Build.0 = Release|Any CPU
		{76AE8AD2-F3D3-4E33-B305-DEE9B7818308}.Release|x64.ActiveCfg = Release|Any CPU
		{76AE8AD2-F3D3-4E33-B305-DEE9B7818308}.Release|x86.ActiveCfg = Release|Any CPU
		{108F484A-699B-47BB-AC06-6BA60C79A63B}.Debug|Any CPU.ActiveCfg = Debug|Any CPU
		{108F484A-699B-47BB-AC06-6BA60C79A63B}.Debug|Any CPU.Build.0 = Debug|Any CPU
		{108F484A-699B-47BB-AC06-6BA60C79A63B}.Debug|ARM.ActiveCfg = Debug|Any CPU
		{108F484A-699B-47BB-AC06-6BA60C79A63B}.Debug|Mixed Platforms.ActiveCfg = Debug|Any CPU
		{108F484A-699B-47BB-AC06-6BA60C79A63B}.Debug|Mixed Platforms.Build.0 = Debug|Any CPU
		{108F484A-699B-47BB-AC06-6BA60C79A63B}.Debug|x64.ActiveCfg = Debug|Any CPU
		{108F484A-699B-47BB-AC06-6BA60C79A63B}.Debug|x86.ActiveCfg = Debug|Any CPU
		{108F484A-699B-47BB-AC06-6BA60C79A63B}.Release|Any CPU.ActiveCfg = Release|Any CPU
		{108F484A-699B-47BB-AC06-6BA60C79A63B}.Release|Any CPU.Build.0 = Release|Any CPU
		{108F484A-699B-47BB-AC06-6BA60C79A63B}.Release|ARM.ActiveCfg = Release|Any CPU
		{108F484A-699B-47BB-AC06-6BA60C79A63B}.Release|Mixed Platforms.ActiveCfg = Release|Any CPU
		{108F484A-699B-47BB-AC06-6BA60C79A63B}.Release|Mixed Platforms.Build.0 = Release|Any CPU
		{108F484A-699B-47BB-AC06-6BA60C79A63B}.Release|x64.ActiveCfg = Release|Any CPU
		{108F484A-699B-47BB-AC06-6BA60C79A63B}.Release|x86.ActiveCfg = Release|Any CPU
		{4D3E7605-2F26-4F03-A993-853D1F63915C}.Debug|Any CPU.ActiveCfg = Debug|Any CPU
		{4D3E7605-2F26-4F03-A993-853D1F63915C}.Debug|Any CPU.Build.0 = Debug|Any CPU
		{4D3E7605-2F26-4F03-A993-853D1F63915C}.Debug|ARM.ActiveCfg = Debug|Any CPU
		{4D3E7605-2F26-4F03-A993-853D1F63915C}.Debug|Mixed Platforms.ActiveCfg = Debug|Any CPU
		{4D3E7605-2F26-4F03-A993-853D1F63915C}.Debug|Mixed Platforms.Build.0 = Debug|Any CPU
		{4D3E7605-2F26-4F03-A993-853D1F63915C}.Debug|x64.ActiveCfg = Debug|Any CPU
		{4D3E7605-2F26-4F03-A993-853D1F63915C}.Debug|x86.ActiveCfg = Debug|Any CPU
		{4D3E7605-2F26-4F03-A993-853D1F63915C}.Release|Any CPU.ActiveCfg = Release|Any CPU
		{4D3E7605-2F26-4F03-A993-853D1F63915C}.Release|Any CPU.Build.0 = Release|Any CPU
		{4D3E7605-2F26-4F03-A993-853D1F63915C}.Release|ARM.ActiveCfg = Release|Any CPU
		{4D3E7605-2F26-4F03-A993-853D1F63915C}.Release|Mixed Platforms.ActiveCfg = Release|Any CPU
		{4D3E7605-2F26-4F03-A993-853D1F63915C}.Release|Mixed Platforms.Build.0 = Release|Any CPU
		{4D3E7605-2F26-4F03-A993-853D1F63915C}.Release|x64.ActiveCfg = Release|Any CPU
		{4D3E7605-2F26-4F03-A993-853D1F63915C}.Release|x86.ActiveCfg = Release|Any CPU
	EndGlobalSection
	GlobalSection(SolutionProperties) = preSolution
		HideSolutionNode = FALSE
	EndGlobalSection
	GlobalSection(NestedProjects) = preSolution
		{89A7FDE5-1517-4001-9D74-9B6C127FBC75} = {D0BB9F97-50CA-4861-8FAF-21377C262C48}
		{76AE8AD2-F3D3-4E33-B305-DEE9B7818308} = {D0BB9F97-50CA-4861-8FAF-21377C262C48}
		{108F484A-699B-47BB-AC06-6BA60C79A63B} = {D0BB9F97-50CA-4861-8FAF-21377C262C48}
		{4D3E7605-2F26-4F03-A993-853D1F63915C} = {D0BB9F97-50CA-4861-8FAF-21377C262C48}
	EndGlobalSection
EndGlobal
